<Solution>
  <Configurations>
    <Platform Name="x64" />
    <Platform Name="x86" />
  </Configurations>
  <Project Path="GameFieldLib/GameFieldLib.vcxproj" Id="9c8f4e67-b5a6-44a4-9b20-ae640c461b2c" />
  <Project Path="PositionLib/PositionLib.vcxproj" Id="ee7b9076-f814-42fc-bed6-06a9ac969f93" />
  <Project Path="ShipLib/ShipLib.vcxproj" Id="105512fd-cf3b-4ad2-9812-72a51f21507d" />
  <Project Path="Tests/Tests.vcxproj" Id="48e0b74a-515f-4eba-b9db-de9e83a95d8c" />
  <Project Path="WarShips/WarShips.vcxproj" Id="884b246c-379d-42ae-ad39-20f048b35f36" />
</Solution>
